
Microsoft Visual Studio Solution File, Format Version 12.00
# Visual Studio Version 16
VisualStudioVersion = 16.0.32630.194
MinimumVisualStudioVersion = 10.0.40219.1
Project("{FAE04EC0-301F-11D3-BF4B-00C04F79EFBC}") = "TallerSgbMariaJiménez", "TallerSgbMariaJiménez\TallerSgbMariaJiménez.csproj", "{7E687F69-D77A-4926-AA6D-99B80FCF5F2A}"
EndProject
Global
	GlobalSection(SolutionConfigurationPlatforms) = preSolution
		Debug|Any CPU = Debug|Any CPU
		Release|Any CPU = Release|Any CPU
	EndGlobalSection
	GlobalSection(ProjectConfigurationPlatforms) = postSolution
		{7E687F69-D77A-4926-AA6D-99B80FCF5F2A}.Debug|Any CPU.ActiveCfg = Debug|Any CPU
		{7E687F69-D77A-4926-AA6D-99B80FCF5F2A}.Debug|Any CPU.Build.0 = Debug|Any CPU
		{7E687F69-D77A-4926-AA6D-99B80FCF5F2A}.Release|Any CPU.ActiveCfg = Release|Any CPU
		{7E687F69-D77A-4926-AA6D-99B80FCF5F2A}.Release|Any CPU.Build.0 = Release|Any CPU
	EndGlobalSection
	GlobalSection(SolutionProperties) = preSolution
		HideSolutionNode = FALSE
	EndGlobalSection
	GlobalSection(ExtensibilityGlobals) = postSolution
		SolutionGuid = {AC157CCC-0353-412C-A0F8-2CB65E66DFC9}
	EndGlobalSection
EndGlobal
